// !$*UTF8*$!
{
	archiveVersion = 1;
	classes = {
	};
	objectVersion = 48;
	objects = {

/* Begin PBXBuildFile section */
		839118FF234B7136009E5267 /* AppDelegate.swift in Sources */ = {isa = PBXBuildFile; fileRef = 839118FE234B7136009E5267 /* AppDelegate.swift */; };
		83911901234B7136009E5267 /* ViewController.swift in Sources */ = {isa = PBXBuildFile; fileRef = 83911900234B7136009E5267 /* ViewController.swift */; };
		83911904234B7136009E5267 /* Main.storyboard in Resources */ = {isa = PBXBuildFile; fileRef = 83911902234B7136009E5267 /* Main.storyboard */; };
		83911906234B7136009E5267 /* Assets.xcassets in Resources */ = {isa = PBXBuildFile; fileRef = 83911905234B7136009E5267 /* Assets.xcassets */; };
		83911909234B7136009E5267 /* LaunchScreen.storyboard in Resources */ = {isa = PBXBuildFile; fileRef = 83911907234B7136009E5267 /* LaunchScreen.storyboard */; };
		83911911234B72DD009E5267 /* Balham.otf in Resources */ = {isa = PBXBuildFile; fileRef = 83911910234B72DD009E5267 /* Balham.otf */; };
		83911917234B7837009E5267 /* Question.swift in Sources */ = {isa = PBXBuildFile; fileRef = 83911916234B7837009E5267 /* Question.swift */; };
		83911919234B7AF1009E5267 /* Game.swift in Sources */ = {isa = PBXBuildFile; fileRef = 83911918234B7AF1009E5267 /* Game.swift */; };
		8391191B234B7AFC009E5267 /* QuestionManager.swift in Sources */ = {isa = PBXBuildFile; fileRef = 8391191A234B7AFC009E5267 /* QuestionManager.swift */; };
		83E17E022368E33200143D62 /* QuestionView.swift in Sources */ = {isa = PBXBuildFile; fileRef = 83E17E012368E33200143D62 /* QuestionView.swift */; };
/* End PBXBuildFile section */

/* Begin PBXFileReference section */
		839118FB234B7136009E5267 /* OpenQuizz.app */ = {isa = PBXFileReference; explicitFileType = wrapper.application; includeInIndex = 0; path = OpenQuizz.app; sourceTree = BUILT_PRODUCTS_DIR; };
		839118FE234B7136009E5267 /* AppDelegate.swift */ = {isa = PBXFileReference; lastKnownFileType = sourcecode.swift; path = AppDelegate.swift; sourceTree = "<group>"; };
		83911900234B7136009E5267 /* ViewController.swift */ = {isa = PBXFileReference; lastKnownFileType = sourcecode.swift; path = ViewController.swift; sourceTree = "<group>"; };
		83911903234B7136009E5267 /* Base */ = {isa = PBXFileReference; lastKnownFileType = file.storyboard; name = Base; path = Base.lproj/Main.storyboard; sourceTree = "<group>"; };
		83911905234B7136009E5267 /* Assets.xcassets */ = {isa = PBXFileReference; lastKnownFileType = folder.assetcatalog; path = Assets.xcassets; sourceTree = "<group>"; };
		83911908234B7136009E5267 /* Base */ = {isa = PBXFileReference; lastKnownFileType = file.storyboard; name = Base; path = Base.lproj/LaunchScreen.storyboard; sourceTree = "<group>"; };
		8391190A234B7136009E5267 /* Info.plist */ = {isa = PBXFileReference; lastKnownFileType = text.plist.xml; path = Info.plist; sourceTree = "<group>"; };
		83911910234B72DD009E5267 /* Balham.otf */ = {isa = PBXFileReference; lastKnownFileType = file; path = Balham.otf; sourceTree = "<group>"; };
		83911916234B7837009E5267 /* Question.swift */ = {isa = PBXFileReference; lastKnownFileType = sourcecode.swift; path = Question.swift; sourceTree = "<group>"; };
		83911918234B7AF1009E5267 /* Game.swift */ = {isa = PBXFileReference; lastKnownFileType = sourcecode.swift; path = Game.swift; sourceTree = "<group>"; };
		8391191A234B7AFC009E5267 /* QuestionManager.swift */ = {isa = PBXFileReference; lastKnownFileType = sourcecode.swift; path = QuestionManager.swift; sourceTree = "<group>"; };
		83E17E012368E33200143D62 /* QuestionView.swift */ = {isa = PBXFileReference; lastKnownFileType = sourcecode.swift; path = QuestionView.swift; sourceTree = "<group>"; };
/* End PBXFileReference section */

/* Begin PBXFrameworksBuildPhase section */
		839118F8234B7136009E5267 /* Frameworks */ = {
			isa = PBXFrameworksBuildPhase;
			buildActionMask = 2147483647;
			files = (
			);
			runOnlyForDeploymentPostprocessing = 0;
		};
/* End PBXFrameworksBuildPhase section */

/* Begin PBXGroup section */
		839118F2234B7136009E5267 = {
			isa = PBXGroup;
			children = (
				839118FD234B7136009E5267 /* OpenQuizz */,
				839118FC234B7136009E5267 /* Products */,
			);
			sourceTree = "<group>";
		};
		839118FC234B7136009E5267 /* Products */ = {
			isa = PBXGroup;
			children = (
				839118FB234B7136009E5267 /* OpenQuizz.app */,
			);
			name = Products;
			sourceTree = "<group>";
		};
		839118FD234B7136009E5267 /* OpenQuizz */ = {
			isa = PBXGroup;
			children = (
				83911915234B7762009E5267 /* Supporting Files */,
				83911912234B7702009E5267 /* Model */,
				83911914234B7736009E5267 /* View */,
				83911913234B771B009E5267 /* Controller */,
			);
			path = OpenQuizz;
			sourceTree = "<group>";
		};
		83911912234B7702009E5267 /* Model */ = {
			isa = PBXGroup;
			children = (
				8391191A234B7AFC009E5267 /* QuestionManager.swift */,
				83911916234B7837009E5267 /* Question.swift */,
				83911918234B7AF1009E5267 /* Game.swift */,
			);
			path = Model;
			sourceTree = "<group>";
		};
		83911913234B771B009E5267 /* Controller */ = {
			isa = PBXGroup;
			children = (
				83911900234B7136009E5267 /* ViewController.swift */,
			);
			path = Controller;
			sourceTree = "<group>";
		};
		83911914234B7736009E5267 /* View */ = {
			isa = PBXGroup;
			children = (
				83911902234B7136009E5267 /* Main.storyboard */,
				83E17E012368E33200143D62 /* QuestionView.swift */,
			);
			path = View;
			sourceTree = "<group>";
		};
		83911915234B7762009E5267 /* Supporting Files */ = {
			isa = PBXGroup;
			children = (
				839118FE234B7136009E5267 /* AppDelegate.swift */,
				83911910234B72DD009E5267 /* Balham.otf */,
				83911905234B7136009E5267 /* Assets.xcassets */,
				83911907234B7136009E5267 /* LaunchScreen.storyboard */,
				8391190A234B7136009E5267 /* Info.plist */,
			);
			path = "Supporting Files";
			sourceTree = "<group>";
		};
/* End PBXGroup section */

/* Begin PBXNativeTarget section */
		839118FA234B7136009E5267 /* OpenQuizz */ = {
			isa = PBXNativeTarget;
			buildConfigurationList = 8391190D234B7136009E5267 /* Build configuration list for PBXNativeTarget "OpenQuizz" */;
			buildPhases = (
				839118F7234B7136009E5267 /* Sources */,
				839118F8234B7136009E5267 /* Frameworks */,
				839118F9234B7136009E5267 /* Resources */,
			);
			buildRules = (
			);
			dependencies = (
			);
			name = OpenQuizz;
			productName = OpenQuizz;
			productReference = 839118FB234B7136009E5267 /* OpenQuizz.app */;
			productType = "com.apple.product-type.application";
		};
/* End PBXNativeTarget section */

/* Begin PBXProject section */
		839118F3234B7136009E5267 /* Project object */ = {
			isa = PBXProject;
			attributes = {
				LastSwiftUpdateCheck = 0920;
				LastUpgradeCheck = 0920;
				ORGANIZATIONNAME = Goglow;
				TargetAttributes = {
					839118FA234B7136009E5267 = {
						CreatedOnToolsVersion = 9.2;
						ProvisioningStyle = Automatic;
					};
				};
			};
			buildConfigurationList = 839118F6234B7136009E5267 /* Build configuration list for PBXProject "OpenQuizz" */;
			compatibilityVersion = "Xcode 8.0";
			developmentRegion = en;
			hasScannedForEncodings = 0;
			knownRegions = (
				en,
				Base,
			);
			mainGroup = 839118F2234B7136009E5267;
			productRefGroup = 839118FC234B7136009E5267 /* Products */;
			projectDirPath = "";
			projectRoot = "";
			targets = (
				839118FA234B7136009E5267 /* OpenQuizz */,
			);
		};
/* End PBXProject section */

/* Begin PBXResourcesBuildPhase section */
		839118F9234B7136009E5267 /* Resources */ = {
			isa = PBXResourcesBuildPhase;
			buildActionMask = 2147483647;
			files = (
				83911909234B7136009E5267 /* LaunchScreen.storyboard in Resources */,
				83911906234B7136009E5267 /* Assets.xcassets in Resources */,
				83911911234B72DD009E5267 /* Balham.otf in Resources */,
				83911904234B7136009E5267 /* Main.storyboard in Resources */,
			);
			runOnlyForDeploymentPostprocessing = 0;
		};
/* End PBXResourcesBuildPhase section */

/* Begin PBXSourcesBuildPhase section */
		839118F7234B7136009E5267 /* Sources */ = {
			isa = PBXSourcesBuildPhase;
			buildActionMask = 2147483647;
			files = (
				83911917234B7837009E5267 /* Question.swift in Sources */,
				83911901234B7136009E5267 /* ViewController.swift in Sources */,
				839118FF234B7136009E5267 /* AppDelegate.swift in Sources */,
				8391191B234B7AFC009E5267 /* QuestionManager.swift in Sources */,
				83E17E022368E33200143D62 /* QuestionView.swift in Sources */,
				83911919234B7AF1009E5267 /* Game.swift in Sources */,
			);
			runOnlyForDeploymentPostprocessing = 0;
		};
/* End PBXSourcesBuildPhase section */

/* Begin PBXVariantGroup section */
		83911902234B7136009E5267 /* Main.storyboard */ = {
			isa = PBXVariantGroup;
			children = (
				83911903234B7136009E5267 /* Base */,
			);
			name = Main.storyboard;
			sourceTree = "<group>";
		};
		83911907234B7136009E5267 /* LaunchScreen.storyboard */ = {
			isa = PBXVariantGroup;
			children = (
				83911908234B7136009E5267 /* Base */,
			);
			name = LaunchScreen.storyboard;
			sourceTree = "<group>";
		};
/* End PBXVariantGroup section */

/* Begin XCBuildConfiguration section */
		8391190B234B7136009E5267 /* Debug */ = {
			isa = XCBuildConfiguration;
			buildSettings = {
				ALWAYS_SEARCH_USER_PATHS = NO;
				CLANG_ANALYZER_NONNULL = YES;
				CLANG_ANALYZER_NUMBER_OBJECT_CONVERSION = YES_AGGRESSIVE;
				CLANG_CXX_LANGUAGE_STANDARD = "gnu++14";
				CLANG_CXX_LIBRARY = "libc++";
				CLANG_ENABLE_MODULES = YES;
				CLANG_ENABLE_OBJC_ARC = YES;
				CLANG_WARN_BLOCK_CAPTURE_AUTORELEASING = YES;
				CLANG_WARN_BOOL_CONVERSION = YES;
				CLANG_WARN_COMMA = YES;
				CLANG_WARN_CONSTANT_CONVERSION = YES;
				CLANG_WARN_DIRECT_OBJC_ISA_USAGE = YES_ERROR;
				CLANG_WARN_DOCUMENTATION_COMMENTS = YES;
				CLANG_WARN_EMPTY_BODY = YES;
				CLANG_WARN_ENUM_CONVERSION = YES;
				CLANG_WARN_INFINITE_RECURSION = YES;
				CLANG_WARN_INT_CONVERSION = YES;
				CLANG_WARN_NON_LITERAL_NULL_CONVERSION = YES;
				CLANG_WARN_OBJC_LITERAL_CONVERSION = YES;
				CLANG_WARN_OBJC_ROOT_CLASS = YES_ERROR;
				CLANG_WARN_RANGE_LOOP_ANALYSIS = YES;
				CLANG_WARN_STRICT_PROTOTYPES = YES;
				CLANG_WARN_SUSPICIOUS_MOVE = YES;
				CLANG_WARN_UNGUARDED_AVAILABILITY = YES_AGGRESSIVE;
				CLANG_WARN_UNREACHABLE_CODE = YES;
				CLANG_WARN__DUPLICATE_METHOD_MATCH = YES;
				CODE_SIGN_IDENTITY = "iPhone Developer";
				COPY_PHASE_STRIP = NO;
				DEBUG_INFORMATION_FORMAT = dwarf;
				ENABLE_STRICT_OBJC_MSGSEND = YES;
				ENABLE_TESTABILITY = YES;
				GCC_C_LANGUAGE_STANDARD = gnu11;
				GCC_DYNAMIC_NO_PIC = NO;
				GCC_NO_COMMON_BLOCKS = YES;
				GCC_OPTIMIZATION_LEVEL = 0;
				GCC_PREPROCESSOR_DEFINITIONS = (
					"DEBUG=1",
					"$(inherited)",
				);
				GCC_WARN_64_TO_32_BIT_CONVERSION = YES;
				GCC_WARN_ABOUT_RETURN_TYPE = YES_ERROR;
				GCC_WARN_UNDECLARED_SELECTOR = YES;
				GCC_WARN_UNINITIALIZED_AUTOS = YES_AGGRESSIVE;
				GCC_WARN_UNUSED_FUNCTION = YES;
				GCC_WARN_UNUSED_VARIABLE = YES;
				IPHONEOS_DEPLOYMENT_TARGET = 11.2;
				MTL_ENABLE_DEBUG_INFO = YES;
				ONLY_ACTIVE_ARCH = YES;
				SDKROOT = iphoneos;
				SWIFT_ACTIVE_COMPILATION_CONDITIONS = DEBUG;
				SWIFT_OPTIMIZATION_LEVEL = "-Onone";
			};
			name = Debug;
		};
		8391190C234B7136009E5267 /* Release */ = {
			isa = XCBuildConfiguration;
			buildSettings = {
				ALWAYS_SEARCH_USER_PATHS = NO;
				CLANG_ANALYZER_NONNULL = YES;
				CLANG_ANALYZER_NUMBER_OBJECT_CONVERSION = YES_AGGRESSIVE;
				CLANG_CXX_LANGUAGE_STANDARD = "gnu++14";
				CLANG_CXX_LIBRARY = "libc++";
				CLANG_ENABLE_MODULES = YES;
				CLANG_ENABLE_OBJC_ARC = YES;
				CLANG_WARN_BLOCK_CAPTURE_AUTORELEASING = YES;
				CLANG_WARN_BOOL_CONVERSION = YES;
				CLANG_WARN_COMMA = YES;
				CLANG_WARN_CONSTANT_CONVERSION = YES;
				CLANG_WARN_DIRECT_OBJC_ISA_USAGE = YES_ERROR;
				CLANG_WARN_DOCUMENTATION_COMMENTS = YES;
				CLANG_WARN_EMPTY_BODY = YES;
				CLANG_WARN_ENUM_CONVERSION = YES;
				CLANG_WARN_INFINITE_RECURSION = YES;
				CLANG_WARN_INT_CONVERSION = YES;
				CLANG_WARN_NON_LITERAL_NULL_CONVERSION = YES;
				CLANG_WARN_OBJC_LITERAL_CONVERSION = YES;
				CLANG_WARN_OBJC_ROOT_CLASS = YES_ERROR;
				CLANG_WARN_RANGE_LOOP_ANALYSIS = YES;
				CLANG_WARN_STRICT_PROTOTYPES = YES;
				CLANG_WARN_SUSPICIOUS_MOVE = YES;
				CLANG_WARN_UNGUARDED_AVAILABILITY = YES_AGGRESSIVE;
				CLANG_WARN_UNREACHABLE_CODE = YES;
				CLANG_WARN__DUPLICATE_METHOD_MATCH = YES;
				CODE_SIGN_IDENTITY = "iPhone Developer";
				COPY_PHASE_STRIP = NO;
				DEBUG_INFORMATION_FORMAT = "dwarf-with-dsym";
				ENABLE_NS_ASSERTIONS = NO;
				ENABLE_STRICT_OBJC_MSGSEND = YES;
				GCC_C_LANGUAGE_STANDARD = gnu11;
				GCC_NO_COMMON_BLOCKS = YES;
				GCC_WARN_64_TO_32_BIT_CONVERSION = YES;
				GCC_WARN_ABOUT_RETURN_TYPE = YES_ERROR;
				GCC_WARN_UNDECLARED_SELECTOR = YES;
				GCC_WARN_UNINITIALIZED_AUTOS = YES_AGGRESSIVE;
				GCC_WARN_UNUSED_FUNCTION = YES;
				GCC_WARN_UNUSED_VARIABLE = YES;
				IPHONEOS_DEPLOYMENT_TARGET = 11.2;
				MTL_ENABLE_DEBUG_INFO = NO;
				SDKROOT = iphoneos;
				SWIFT_OPTIMIZATION_LEVEL = "-Owholemodule";
				VALIDATE_PRODUCT = YES;
			};
			name = Release;
		};
		8391190E234B7136009E5267 /* Debug */ = {
			isa = XCBuildConfiguration;
			buildSettings = {
				ASSETCATALOG_COMPILER_APPICON_NAME = AppIcon;
				CODE_SIGN_STYLE = Automatic;
				DEVELOPMENT_TEAM = 53FLK3FCZ4;
				INFOPLIST_FILE = "$(SRCROOT)/OpenQuizz/Supporting Files/Info.plist";
				LD_RUNPATH_SEARCH_PATHS = "$(inherited) @executable_path/Frameworks";
				PRODUCT_BUNDLE_IDENTIFIER = com.Goglow.OpenQuizz;
				PRODUCT_NAME = "$(TARGET_NAME)";
				SWIFT_VERSION = 4.0;
				TARGETED_DEVICE_FAMILY = "1,2";
			};
			name = Debug;
		};
		8391190F234B7136009E5267 /* Release */ = {
			isa = XCBuildConfiguration;
			buildSettings = {
				ASSETCATALOG_COMPILER_APPICON_NAME = AppIcon;
				CODE_SIGN_STYLE = Automatic;
				DEVELOPMENT_TEAM = 53FLK3FCZ4;
				INFOPLIST_FILE = "$(SRCROOT)/OpenQuizz/Supporting Files/Info.plist";
				LD_RUNPATH_SEARCH_PATHS = "$(inherited) @executable_path/Frameworks";
				PRODUCT_BUNDLE_IDENTIFIER = com.Goglow.OpenQuizz;
				PRODUCT_NAME = "$(TARGET_NAME)";
				SWIFT_VERSION = 4.0;
				TARGETED_DEVICE_FAMILY = "1,2";
			};
			name = Release;
		};
/* End XCBuildConfiguration section */

/* Begin XCConfigurationList section */
		839118F6234B7136009E5267 /* Build configuration list for PBXProject "OpenQuizz" */ = {
			isa = XCConfigurationList;
			buildConfigurations = (
				8391190B234B7136009E5267 /* Debug */,
				8391190C234B7136009E5267 /* Release */,
			);
			defaultConfigurationIsVisible = 0;
			defaultConfigurationName = Release;
		};
		8391190D234B7136009E5267 /* Build configuration list for PBXNativeTarget "OpenQuizz" */ = {
			isa = XCConfigurationList;
			buildConfigurations = (
				8391190E234B7136009E5267 /* Debug */,
				8391190F234B7136009E5267 /* Release */,
			);
			defaultConfigurationIsVisible = 0;
			defaultConfigurationName = Release;
		};
/* End XCConfigurationList section */
	};
	rootObject = 839118F3234B7136009E5267 /* Project object */;
}
